
Microsoft Visual Studio Solution File, Format Version 12.00
# Visual Studio 15
VisualStudioVersion = 15.0.26228.12
MinimumVisualStudioVersion = 10.0.40219.1
Project("{FAE04EC0-301F-11D3-BF4B-00C04F79EFBC}") = "RealSenseMirror", "RealSenseMirror\RealSenseMirror.csproj", "{691F5679-EA75-4200-8420-7F3CB18DE340}"
EndProject
Project("{9A19103F-16F7-4668-BE54-9A1E7A4F7556}") = "FaceLib", "FaceLib\FaceLib.csproj", "{1C12B913-4F1F-48F5-9207-AE16FCB31F47}"
EndProject
Project("{FAE04EC0-301F-11D3-BF4B-00C04F79EFBC}") = "App", "App\App.csproj", "{E3321ACA-A79B-4220-BFF0-E5AA04A4129E}"
EndProject
Global
	GlobalSection(SolutionConfigurationPlatforms) = preSolution
		Debug|Any CPU = Debug|Any CPU
		Debug|ARM = Debug|ARM
		Debug|x64 = Debug|x64
		Debug|x86 = Debug|x86
		Release|Any CPU = Release|Any CPU
		Release|ARM = Release|ARM
		Release|x64 = Release|x64
		Release|x86 = Release|x86
	EndGlobalSection
	GlobalSection(ProjectConfigurationPlatforms) = postSolution
		{691F5679-EA75-4200-8420-7F3CB18DE340}.Debug|Any CPU.ActiveCfg = Debug|Any CPU
		{691F5679-EA75-4200-8420-7F3CB18DE340}.Debug|Any CPU.Build.0 = Debug|Any CPU
		{691F5679-EA75-4200-8420-7F3CB18DE340}.Debug|ARM.ActiveCfg = Debug|Any CPU
		{691F5679-EA75-4200-8420-7F3CB18DE340}.Debug|ARM.Build.0 = Debug|Any CPU
		{691F5679-EA75-4200-8420-7F3CB18DE340}.Debug|x64.ActiveCfg = Debug|Any CPU
		{691F5679-EA75-4200-8420-7F3CB18DE340}.Debug|x64.Build.0 = Debug|Any CPU
		{691F5679-EA75-4200-8420-7F3CB18DE340}.Debug|x86.ActiveCfg = Debug|Any CPU
		{691F5679-EA75-4200-8420-7F3CB18DE340}.Debug|x86.Build.0 = Debug|Any CPU
		{691F5679-EA75-4200-8420-7F3CB18DE340}.Release|Any CPU.ActiveCfg = Release|Any CPU
		{691F5679-EA75-4200-8420-7F3CB18DE340}.Release|Any CPU.Build.0 = Release|Any CPU
		{691F5679-EA75-4200-8420-7F3CB18DE340}.Release|ARM.ActiveCfg = Release|Any CPU
		{691F5679-EA75-4200-8420-7F3CB18DE340}.Release|ARM.Build.0 = Release|Any CPU
		{691F5679-EA75-4200-8420-7F3CB18DE340}.Release|x64.ActiveCfg = Release|Any CPU
		{691F5679-EA75-4200-8420-7F3CB18DE340}.Release|x64.Build.0 = Release|Any CPU
		{691F5679-EA75-4200-8420-7F3CB18DE340}.Release|x86.ActiveCfg = Release|Any CPU
		{691F5679-EA75-4200-8420-7F3CB18DE340}.Release|x86.Build.0 = Release|Any CPU
		{1C12B913-4F1F-48F5-9207-AE16FCB31F47}.Debug|Any CPU.ActiveCfg = Debug|Any CPU
		{1C12B913-4F1F-48F5-9207-AE16FCB31F47}.Debug|Any CPU.Build.0 = Debug|Any CPU
		{1C12B913-4F1F-48F5-9207-AE16FCB31F47}.Debug|ARM.ActiveCfg = Debug|Any CPU
		{1C12B913-4F1F-48F5-9207-AE16FCB31F47}.Debug|ARM.Build.0 = Debug|Any CPU
		{1C12B913-4F1F-48F5-9207-AE16FCB31F47}.Debug|x64.ActiveCfg = Debug|Any CPU
		{1C12B913-4F1F-48F5-9207-AE16FCB31F47}.Debug|x64.Build.0 = Debug|Any CPU
		{1C12B913-4F1F-48F5-9207-AE16FCB31F47}.Debug|x86.ActiveCfg = Debug|Any CPU
		{1C12B913-4F1F-48F5-9207-AE16FCB31F47}.Debug|x86.Build.0 = Debug|Any CPU
		{1C12B913-4F1F-48F5-9207-AE16FCB31F47}.Release|Any CPU.ActiveCfg = Release|Any CPU
		{1C12B913-4F1F-48F5-9207-AE16FCB31F47}.Release|Any CPU.Build.0 = Release|Any CPU
		{1C12B913-4F1F-48F5-9207-AE16FCB31F47}.Release|ARM.ActiveCfg = Release|Any CPU
		{1C12B913-4F1F-48F5-9207-AE16FCB31F47}.Release|ARM.Build.0 = Release|Any CPU
		{1C12B913-4F1F-48F5-9207-AE16FCB31F47}.Release|x64.ActiveCfg = Release|Any CPU
		{1C12B913-4F1F-48F5-9207-AE16FCB31F47}.Release|x64.Build.0 = Release|Any CPU
		{1C12B913-4F1F-48F5-9207-AE16FCB31F47}.Release|x86.ActiveCfg = Release|Any CPU
		{1C12B913-4F1F-48F5-9207-AE16FCB31F47}.Release|x86.Build.0 = Release|Any CPU
		{E3321ACA-A79B-4220-BFF0-E5AA04A4129E}.Debug|Any CPU.ActiveCfg = Debug|Any CPU
		{E3321ACA-A79B-4220-BFF0-E5AA04A4129E}.Debug|Any CPU.Build.0 = Debug|Any CPU
		{E3321ACA-A79B-4220-BFF0-E5AA04A4129E}.Debug|ARM.ActiveCfg = Debug|Any CPU
		{E3321ACA-A79B-4220-BFF0-E5AA04A4129E}.Debug|ARM.Build.0 = Debug|Any CPU
		{E3321ACA-A79B-4220-BFF0-E5AA04A4129E}.Debug|x64.ActiveCfg = Debug|Any CPU
		{E3321ACA-A79B-4220-BFF0-E5AA04A4129E}.Debug|x64.Build.0 = Debug|Any CPU
		{E3321ACA-A79B-4220-BFF0-E5AA04A4129E}.Debug|x86.ActiveCfg = Debug|x86
		{E3321ACA-A79B-4220-BFF0-E5AA04A4129E}.Debug|x86.Build.0 = Debug|x86
		{E3321ACA-A79B-4220-BFF0-E5AA04A4129E}.Release|Any CPU.ActiveCfg = Release|Any CPU
		{E3321ACA-A79B-4220-BFF0-E5AA04A4129E}.Release|Any CPU.Build.0 = Release|Any CPU
		{E3321ACA-A79B-4220-BFF0-E5AA04A4129E}.Release|ARM.ActiveCfg = Release|Any CPU
		{E3321ACA-A79B-4220-BFF0-E5AA04A4129E}.Release|ARM.Build.0 = Release|Any CPU
		{E3321ACA-A79B-4220-BFF0-E5AA04A4129E}.Release|x64.ActiveCfg = Release|Any CPU
		{E3321ACA-A79B-4220-BFF0-E5AA04A4129E}.Release|x64.Build.0 = Release|Any CPU
		{E3321ACA-A79B-4220-BFF0-E5AA04A4129E}.Release|x86.ActiveCfg = Release|Any CPU
		{E3321ACA-A79B-4220-BFF0-E5AA04A4129E}.Release|x86.Build.0 = Release|Any CPU
	EndGlobalSection
	GlobalSection(SolutionProperties) = preSolution
		HideSolutionNode = FALSE
	EndGlobalSection
EndGlobal
